// !$*UTF8*$!
{
	archiveVersion = 1;
	classes = {
	};
	objectVersion = 56;
	objects = {

/* Begin PBXBuildFile section */
		17178C8829A2B175007CDDF5 /* popupGameApp.swift in Sources */ = {isa = PBXBuildFile; fileRef = 17178C8729A2B175007CDDF5 /* popupGameApp.swift */; };
		17178C8A29A2B175007CDDF5 /* ContentView.swift in Sources */ = {isa = PBXBuildFile; fileRef = 17178C8929A2B175007CDDF5 /* ContentView.swift */; };
		17178C8C29A2B17B007CDDF5 /* Assets.xcassets in Resources */ = {isa = PBXBuildFile; fileRef = 17178C8B29A2B17B007CDDF5 /* Assets.xcassets */; };
		17178C8F29A2B17B007CDDF5 /* Preview Assets.xcassets in Resources */ = {isa = PBXBuildFile; fileRef = 17178C8E29A2B17B007CDDF5 /* Preview Assets.xcassets */; };
		17178C9129A2B17B007CDDF5 /* Persistence.swift in Sources */ = {isa = PBXBuildFile; fileRef = 17178C9029A2B17B007CDDF5 /* Persistence.swift */; };
		17178C9429A2B17C007CDDF5 /* popupGame.xcdatamodeld in Sources */ = {isa = PBXBuildFile; fileRef = 17178C9229A2B17B007CDDF5 /* popupGame.xcdatamodeld */; };
		173E6A5529A486CC0025CC67 /* ButtonsDoneView.swift in Sources */ = {isa = PBXBuildFile; fileRef = 173E6A5429A486CC0025CC67 /* ButtonsDoneView.swift */; };
		173E6A5729A48DE40025CC67 /* CheckboxesView.swift in Sources */ = {isa = PBXBuildFile; fileRef = 173E6A5629A48DE40025CC67 /* CheckboxesView.swift */; };
		173E6A5929A70ABC0025CC67 /* CheckboxDoneView.swift in Sources */ = {isa = PBXBuildFile; fileRef = 173E6A5829A70ABC0025CC67 /* CheckboxDoneView.swift */; };
		173E6A5D29A713B20025CC67 /* OrderingView.swift in Sources */ = {isa = PBXBuildFile; fileRef = 173E6A5C29A713B20025CC67 /* OrderingView.swift */; };
		173E6A5F29A7251C0025CC67 /* OrderingDoneView.swift in Sources */ = {isa = PBXBuildFile; fileRef = 173E6A5E29A7251C0025CC67 /* OrderingDoneView.swift */; };
		173E6A6129A7C0520025CC67 /* EndView.swift in Sources */ = {isa = PBXBuildFile; fileRef = 173E6A6029A7C0520025CC67 /* EndView.swift */; };
		173E6A6529A846540025CC67 /* GaugeView.swift in Sources */ = {isa = PBXBuildFile; fileRef = 173E6A6429A846540025CC67 /* GaugeView.swift */; };
		173E6A6729AEF58B0025CC67 /* GaugeDoneView.swift in Sources */ = {isa = PBXBuildFile; fileRef = 173E6A6629AEF58B0025CC67 /* GaugeDoneView.swift */; };
		173E6A6929AEFBD70025CC67 /* RedButtonView.swift in Sources */ = {isa = PBXBuildFile; fileRef = 173E6A6829AEFBD70025CC67 /* RedButtonView.swift */; };
		173E6A6B29AF018D0025CC67 /* RedButtonDoneView.swift in Sources */ = {isa = PBXBuildFile; fileRef = 173E6A6A29AF018D0025CC67 /* RedButtonDoneView.swift */; };
/* End PBXBuildFile section */

/* Begin PBXFileReference section */
		17178C8429A2B174007CDDF5 /* popupGame.app */ = {isa = PBXFileReference; explicitFileType = wrapper.application; includeInIndex = 0; path = popupGame.app; sourceTree = BUILT_PRODUCTS_DIR; };
		17178C8729A2B175007CDDF5 /* popupGameApp.swift */ = {isa = PBXFileReference; lastKnownFileType = sourcecode.swift; path = popupGameApp.swift; sourceTree = "<group>"; };
		17178C8929A2B175007CDDF5 /* ContentView.swift */ = {isa = PBXFileReference; lastKnownFileType = sourcecode.swift; path = ContentView.swift; sourceTree = "<group>"; };
		17178C8B29A2B17B007CDDF5 /* Assets.xcassets */ = {isa = PBXFileReference; lastKnownFileType = folder.assetcatalog; path = Assets.xcassets; sourceTree = "<group>"; };
		17178C8E29A2B17B007CDDF5 /* Preview Assets.xcassets */ = {isa = PBXFileReference; lastKnownFileType = folder.assetcatalog; path = "Preview Assets.xcassets"; sourceTree = "<group>"; };
		17178C9029A2B17B007CDDF5 /* Persistence.swift */ = {isa = PBXFileReference; lastKnownFileType = sourcecode.swift; path = Persistence.swift; sourceTree = "<group>"; };
		17178C9329A2B17C007CDDF5 /* popupGame.xcdatamodel */ = {isa = PBXFileReference; lastKnownFileType = wrapper.xcdatamodel; path = popupGame.xcdatamodel; sourceTree = "<group>"; };
		17178C9529A2B17C007CDDF5 /* popupGame.entitlements */ = {isa = PBXFileReference; lastKnownFileType = text.plist.entitlements; path = popupGame.entitlements; sourceTree = "<group>"; };
		173E6A5429A486CC0025CC67 /* ButtonsDoneView.swift */ = {isa = PBXFileReference; lastKnownFileType = sourcecode.swift; path = ButtonsDoneView.swift; sourceTree = "<group>"; };
		173E6A5629A48DE40025CC67 /* CheckboxesView.swift */ = {isa = PBXFileReference; lastKnownFileType = sourcecode.swift; path = CheckboxesView.swift; sourceTree = "<group>"; };
		173E6A5829A70ABC0025CC67 /* CheckboxDoneView.swift */ = {isa = PBXFileReference; lastKnownFileType = sourcecode.swift; path = CheckboxDoneView.swift; sourceTree = "<group>"; };
		173E6A5C29A713B20025CC67 /* OrderingView.swift */ = {isa = PBXFileReference; lastKnownFileType = sourcecode.swift; path = OrderingView.swift; sourceTree = "<group>"; };
		173E6A5E29A7251C0025CC67 /* OrderingDoneView.swift */ = {isa = PBXFileReference; lastKnownFileType = sourcecode.swift; path = OrderingDoneView.swift; sourceTree = "<group>"; };
		173E6A6029A7C0520025CC67 /* EndView.swift */ = {isa = PBXFileReference; lastKnownFileType = sourcecode.swift; path = EndView.swift; sourceTree = "<group>"; };
		173E6A6429A846540025CC67 /* GaugeView.swift */ = {isa = PBXFileReference; lastKnownFileType = sourcecode.swift; path = GaugeView.swift; sourceTree = "<group>"; };
		173E6A6629AEF58B0025CC67 /* GaugeDoneView.swift */ = {isa = PBXFileReference; lastKnownFileType = sourcecode.swift; path = GaugeDoneView.swift; sourceTree = "<group>"; };
		173E6A6829AEFBD70025CC67 /* RedButtonView.swift */ = {isa = PBXFileReference; lastKnownFileType = sourcecode.swift; path = RedButtonView.swift; sourceTree = "<group>"; };
		173E6A6A29AF018D0025CC67 /* RedButtonDoneView.swift */ = {isa = PBXFileReference; lastKnownFileType = sourcecode.swift; path = RedButtonDoneView.swift; sourceTree = "<group>"; };
/* End PBXFileReference section */

/* Begin PBXFrameworksBuildPhase section */
		17178C8129A2B174007CDDF5 /* Frameworks */ = {
			isa = PBXFrameworksBuildPhase;
			buildActionMask = 2147483647;
			files = (
			);
			runOnlyForDeploymentPostprocessing = 0;
		};
/* End PBXFrameworksBuildPhase section */

/* Begin PBXGroup section */
		17178C7B29A2B174007CDDF5 = {
			isa = PBXGroup;
			children = (
				17178C8629A2B174007CDDF5 /* popupGame */,
				17178C8529A2B174007CDDF5 /* Products */,
			);
			sourceTree = "<group>";
		};
		17178C8529A2B174007CDDF5 /* Products */ = {
			isa = PBXGroup;
			children = (
				17178C8429A2B174007CDDF5 /* popupGame.app */,
			);
			name = Products;
			sourceTree = "<group>";
		};
		17178C8629A2B174007CDDF5 /* popupGame */ = {
			isa = PBXGroup;
			children = (
				17178C8729A2B175007CDDF5 /* popupGameApp.swift */,
				17178C8929A2B175007CDDF5 /* ContentView.swift */,
				173E6A5429A486CC0025CC67 /* ButtonsDoneView.swift */,
				173E6A5629A48DE40025CC67 /* CheckboxesView.swift */,
				173E6A5829A70ABC0025CC67 /* CheckboxDoneView.swift */,
				173E6A5C29A713B20025CC67 /* OrderingView.swift */,
				173E6A5E29A7251C0025CC67 /* OrderingDoneView.swift */,
				173E6A6829AEFBD70025CC67 /* RedButtonView.swift */,
				173E6A6A29AF018D0025CC67 /* RedButtonDoneView.swift */,
				173E6A6429A846540025CC67 /* GaugeView.swift */,
				173E6A6629AEF58B0025CC67 /* GaugeDoneView.swift */,
				173E6A6029A7C0520025CC67 /* EndView.swift */,
				17178C8B29A2B17B007CDDF5 /* Assets.xcassets */,
				17178C9029A2B17B007CDDF5 /* Persistence.swift */,
				17178C9529A2B17C007CDDF5 /* popupGame.entitlements */,
				17178C9229A2B17B007CDDF5 /* popupGame.xcdatamodeld */,
				17178C8D29A2B17B007CDDF5 /* Preview Content */,
			);
			path = popupGame;
			sourceTree = "<group>";
		};
		17178C8D29A2B17B007CDDF5 /* Preview Content */ = {
			isa = PBXGroup;
			children = (
				17178C8E29A2B17B007CDDF5 /* Preview Assets.xcassets */,
			);
			path = "Preview Content";
			sourceTree = "<group>";
		};
/* End PBXGroup section */

/* Begin PBXNativeTarget section */
		17178C8329A2B174007CDDF5 /* popupGame */ = {
			isa = PBXNativeTarget;
			buildConfigurationList = 17178C9829A2B17C007CDDF5 /* Build configuration list for PBXNativeTarget "popupGame" */;
			buildPhases = (
				17178C8029A2B174007CDDF5 /* Sources */,
				17178C8129A2B174007CDDF5 /* Frameworks */,
				17178C8229A2B174007CDDF5 /* Resources */,
			);
			buildRules = (
			);
			dependencies = (
			);
			name = popupGame;
			productName = popupGame;
			productReference = 17178C8429A2B174007CDDF5 /* popupGame.app */;
			productType = "com.apple.product-type.application";
		};
/* End PBXNativeTarget section */

/* Begin PBXProject section */
		17178C7C29A2B174007CDDF5 /* Project object */ = {
			isa = PBXProject;
			attributes = {
				BuildIndependentTargetsInParallel = 1;
				LastSwiftUpdateCheck = 1420;
				LastUpgradeCheck = 1420;
				TargetAttributes = {
					17178C8329A2B174007CDDF5 = {
						CreatedOnToolsVersion = 14.2;
					};
				};
			};
			buildConfigurationList = 17178C7F29A2B174007CDDF5 /* Build configuration list for PBXProject "popupGame" */;
			compatibilityVersion = "Xcode 14.0";
			developmentRegion = en;
			hasScannedForEncodings = 0;
			knownRegions = (
				en,
				Base,
			);
			mainGroup = 17178C7B29A2B174007CDDF5;
			productRefGroup = 17178C8529A2B174007CDDF5 /* Products */;
			projectDirPath = "";
			projectRoot = "";
			targets = (
				17178C8329A2B174007CDDF5 /* popupGame */,
			);
		};
/* End PBXProject section */

/* Begin PBXResourcesBuildPhase section */
		17178C8229A2B174007CDDF5 /* Resources */ = {
			isa = PBXResourcesBuildPhase;
			buildActionMask = 2147483647;
			files = (
				17178C8F29A2B17B007CDDF5 /* Preview Assets.xcassets in Resources */,
				17178C8C29A2B17B007CDDF5 /* Assets.xcassets in Resources */,
			);
			runOnlyForDeploymentPostprocessing = 0;
		};
/* End PBXResourcesBuildPhase section */

/* Begin PBXSourcesBuildPhase section */
		17178C8029A2B174007CDDF5 /* Sources */ = {
			isa = PBXSourcesBuildPhase;
			buildActionMask = 2147483647;
			files = (
				173E6A6129A7C0520025CC67 /* EndView.swift in Sources */,
				173E6A5529A486CC0025CC67 /* ButtonsDoneView.swift in Sources */,
				17178C9429A2B17C007CDDF5 /* popupGame.xcdatamodeld in Sources */,
				173E6A5D29A713B20025CC67 /* OrderingView.swift in Sources */,
				173E6A6B29AF018D0025CC67 /* RedButtonDoneView.swift in Sources */,
				173E6A5929A70ABC0025CC67 /* CheckboxDoneView.swift in Sources */,
				173E6A5F29A7251C0025CC67 /* OrderingDoneView.swift in Sources */,
				17178C9129A2B17B007CDDF5 /* Persistence.swift in Sources */,
				17178C8A29A2B175007CDDF5 /* ContentView.swift in Sources */,
				173E6A6729AEF58B0025CC67 /* GaugeDoneView.swift in Sources */,
				173E6A6929AEFBD70025CC67 /* RedButtonView.swift in Sources */,
				173E6A6529A846540025CC67 /* GaugeView.swift in Sources */,
				17178C8829A2B175007CDDF5 /* popupGameApp.swift in Sources */,
				173E6A5729A48DE40025CC67 /* CheckboxesView.swift in Sources */,
			);
			runOnlyForDeploymentPostprocessing = 0;
		};
/* End PBXSourcesBuildPhase section */

/* Begin XCBuildConfiguration section */
		17178C9629A2B17C007CDDF5 /* Debug */ = {
			isa = XCBuildConfiguration;
			buildSettings = {
				ALWAYS_SEARCH_USER_PATHS = NO;
				CLANG_ANALYZER_NONNULL = YES;
				CLANG_ANALYZER_NUMBER_OBJECT_CONVERSION = YES_AGGRESSIVE;
				CLANG_CXX_LANGUAGE_STANDARD = "gnu++20";
				CLANG_ENABLE_MODULES = YES;
				CLANG_ENABLE_OBJC_ARC = YES;
				CLANG_ENABLE_OBJC_WEAK = YES;
				CLANG_WARN_BLOCK_CAPTURE_AUTORELEASING = YES;
				CLANG_WARN_BOOL_CONVERSION = YES;
				CLANG_WARN_COMMA = YES;
				CLANG_WARN_CONSTANT_CONVERSION = YES;
				CLANG_WARN_DEPRECATED_OBJC_IMPLEMENTATIONS = YES;
				CLANG_WARN_DIRECT_OBJC_ISA_USAGE = YES_ERROR;
				CLANG_WARN_DOCUMENTATION_COMMENTS = YES;
				CLANG_WARN_EMPTY_BODY = YES;
				CLANG_WARN_ENUM_CONVERSION = YES;
				CLANG_WARN_INFINITE_RECURSION = YES;
				CLANG_WARN_INT_CONVERSION = YES;
				CLANG_WARN_NON_LITERAL_NULL_CONVERSION = YES;
				CLANG_WARN_OBJC_IMPLICIT_RETAIN_SELF = YES;
				CLANG_WARN_OBJC_LITERAL_CONVERSION = YES;
				CLANG_WARN_OBJC_ROOT_CLASS = YES_ERROR;
				CLANG_WARN_QUOTED_INCLUDE_IN_FRAMEWORK_HEADER = YES;
				CLANG_WARN_RANGE_LOOP_ANALYSIS = YES;
				CLANG_WARN_STRICT_PROTOTYPES = YES;
				CLANG_WARN_SUSPICIOUS_MOVE = YES;
				CLANG_WARN_UNGUARDED_AVAILABILITY = YES_AGGRESSIVE;
				CLANG_WARN_UNREACHABLE_CODE = YES;
				CLANG_WARN__DUPLICATE_METHOD_MATCH = YES;
				COPY_PHASE_STRIP = NO;
				DEBUG_INFORMATION_FORMAT = dwarf;
				ENABLE_STRICT_OBJC_MSGSEND = YES;
				ENABLE_TESTABILITY = YES;
				GCC_C_LANGUAGE_STANDARD = gnu11;
				GCC_DYNAMIC_NO_PIC = NO;
				GCC_NO_COMMON_BLOCKS = YES;
				GCC_OPTIMIZATION_LEVEL = 0;
				GCC_PREPROCESSOR_DEFINITIONS = (
					"DEBUG=1",
					"$(inherited)",
				);
				GCC_WARN_64_TO_32_BIT_CONVERSION = YES;
				GCC_WARN_ABOUT_RETURN_TYPE = YES_ERROR;
				GCC_WARN_UNDECLARED_SELECTOR = YES;
				GCC_WARN_UNINITIALIZED_AUTOS = YES_AGGRESSIVE;
				GCC_WARN_UNUSED_FUNCTION = YES;
				GCC_WARN_UNUSED_VARIABLE = YES;
				MACOSX_DEPLOYMENT_TARGET = 13.1;
				MTL_ENABLE_DEBUG_INFO = INCLUDE_SOURCE;
				MTL_FAST_MATH = YES;
				ONLY_ACTIVE_ARCH = YES;
				SDKROOT = macosx;
				SWIFT_ACTIVE_COMPILATION_CONDITIONS = DEBUG;
				SWIFT_OPTIMIZATION_LEVEL = "-Onone";
			};
			name = Debug;
		};
		17178C9729A2B17C007CDDF5 /* Release */ = {
			isa = XCBuildConfiguration;
			buildSettings = {
				ALWAYS_SEARCH_USER_PATHS = NO;
				CLANG_ANALYZER_NONNULL = YES;
				CLANG_ANALYZER_NUMBER_OBJECT_CONVERSION = YES_AGGRESSIVE;
				CLANG_CXX_LANGUAGE_STANDARD = "gnu++20";
				CLANG_ENABLE_MODULES = YES;
				CLANG_ENABLE_OBJC_ARC = YES;
				CLANG_ENABLE_OBJC_WEAK = YES;
				CLANG_WARN_BLOCK_CAPTURE_AUTORELEASING = YES;
				CLANG_WARN_BOOL_CONVERSION = YES;
				CLANG_WARN_COMMA = YES;
				CLANG_WARN_CONSTANT_CONVERSION = YES;
				CLANG_WARN_DEPRECATED_OBJC_IMPLEMENTATIONS = YES;
				CLANG_WARN_DIRECT_OBJC_ISA_USAGE = YES_ERROR;
				CLANG_WARN_DOCUMENTATION_COMMENTS = YES;
				CLANG_WARN_EMPTY_BODY = YES;
				CLANG_WARN_ENUM_CONVERSION = YES;
				CLANG_WARN_INFINITE_RECURSION = YES;
				CLANG_WARN_INT_CONVERSION = YES;
				CLANG_WARN_NON_LITERAL_NULL_CONVERSION = YES;
				CLANG_WARN_OBJC_IMPLICIT_RETAIN_SELF = YES;
				CLANG_WARN_OBJC_LITERAL_CONVERSION = YES;
				CLANG_WARN_OBJC_ROOT_CLASS = YES_ERROR;
				CLANG_WARN_QUOTED_INCLUDE_IN_FRAMEWORK_HEADER = YES;
				CLANG_WARN_RANGE_LOOP_ANALYSIS = YES;
				CLANG_WARN_STRICT_PROTOTYPES = YES;
				CLANG_WARN_SUSPICIOUS_MOVE = YES;
				CLANG_WARN_UNGUARDED_AVAILABILITY = YES_AGGRESSIVE;
				CLANG_WARN_UNREACHABLE_CODE = YES;
				CLANG_WARN__DUPLICATE_METHOD_MATCH = YES;
				COPY_PHASE_STRIP = NO;
				DEBUG_INFORMATION_FORMAT = "dwarf-with-dsym";
				ENABLE_NS_ASSERTIONS = NO;
				ENABLE_STRICT_OBJC_MSGSEND = YES;
				GCC_C_LANGUAGE_STANDARD = gnu11;
				GCC_NO_COMMON_BLOCKS = YES;
				GCC_WARN_64_TO_32_BIT_CONVERSION = YES;
				GCC_WARN_ABOUT_RETURN_TYPE = YES_ERROR;
				GCC_WARN_UNDECLARED_SELECTOR = YES;
				GCC_WARN_UNINITIALIZED_AUTOS = YES_AGGRESSIVE;
				GCC_WARN_UNUSED_FUNCTION = YES;
				GCC_WARN_UNUSED_VARIABLE = YES;
				MACOSX_DEPLOYMENT_TARGET = 13.1;
				MTL_ENABLE_DEBUG_INFO = NO;
				MTL_FAST_MATH = YES;
				SDKROOT = macosx;
				SWIFT_COMPILATION_MODE = wholemodule;
				SWIFT_OPTIMIZATION_LEVEL = "-O";
			};
			name = Release;
		};
		17178C9929A2B17C007CDDF5 /* Debug */ = {
			isa = XCBuildConfiguration;
			buildSettings = {
				ASSETCATALOG_COMPILER_APPICON_NAME = AppIcon;
				ASSETCATALOG_COMPILER_GLOBAL_ACCENT_COLOR_NAME = AccentColor;
				ASSETCATALOG_COMPILER_INCLUDE_ALL_APPICON_ASSETS = YES;
				CODE_SIGN_ENTITLEMENTS = popupGame/popupGame.entitlements;
				CODE_SIGN_STYLE = Automatic;
				COMBINE_HIDPI_IMAGES = YES;
				CURRENT_PROJECT_VERSION = 1;
				DEVELOPMENT_ASSET_PATHS = "\"popupGame/Preview Content\"";
				DEVELOPMENT_TEAM = 6XD3HJ2KHK;
				ENABLE_HARDENED_RUNTIME = YES;
				ENABLE_PREVIEWS = YES;
				GENERATE_INFOPLIST_FILE = YES;
				INFOPLIST_KEY_CFBundleDisplayName = "PopUp! Quiz";
				INFOPLIST_KEY_NSHumanReadableCopyright = "";
				LD_RUNPATH_SEARCH_PATHS = (
					"$(inherited)",
					"@executable_path/../Frameworks",
				);
				MARKETING_VERSION = 1.0;
				PRODUCT_BUNDLE_IDENTIFIER = com.popupGame;
				PRODUCT_NAME = "$(TARGET_NAME)";
				SWIFT_EMIT_LOC_STRINGS = YES;
				SWIFT_VERSION = 5.0;
			};
			name = Debug;
		};
		17178C9A29A2B17C007CDDF5 /* Release */ = {
			isa = XCBuildConfiguration;
			buildSettings = {
				ASSETCATALOG_COMPILER_APPICON_NAME = AppIcon;
				ASSETCATALOG_COMPILER_GLOBAL_ACCENT_COLOR_NAME = AccentColor;
				ASSETCATALOG_COMPILER_INCLUDE_ALL_APPICON_ASSETS = YES;
				CODE_SIGN_ENTITLEMENTS = popupGame/popupGame.entitlements;
				CODE_SIGN_STYLE = Automatic;
				COMBINE_HIDPI_IMAGES = YES;
				CURRENT_PROJECT_VERSION = 1;
				DEVELOPMENT_ASSET_PATHS = "\"popupGame/Preview Content\"";
				DEVELOPMENT_TEAM = 6XD3HJ2KHK;
				ENABLE_HARDENED_RUNTIME = YES;
				ENABLE_PREVIEWS = YES;
				GENERATE_INFOPLIST_FILE = YES;
				INFOPLIST_KEY_CFBundleDisplayName = "PopUp! Quiz";
				INFOPLIST_KEY_NSHumanReadableCopyright = "";
				LD_RUNPATH_SEARCH_PATHS = (
					"$(inherited)",
					"@executable_path/../Frameworks",
				);
				MARKETING_VERSION = 1.0;
				PRODUCT_BUNDLE_IDENTIFIER = com.popupGame;
				PRODUCT_NAME = "$(TARGET_NAME)";
				SWIFT_EMIT_LOC_STRINGS = YES;
				SWIFT_VERSION = 5.0;
			};
			name = Release;
		};
/* End XCBuildConfiguration section */

/* Begin XCConfigurationList section */
		17178C7F29A2B174007CDDF5 /* Build configuration list for PBXProject "popupGame" */ = {
			isa = XCConfigurationList;
			buildConfigurations = (
				17178C9629A2B17C007CDDF5 /* Debug */,
				17178C9729A2B17C007CDDF5 /* Release */,
			);
			defaultConfigurationIsVisible = 0;
			defaultConfigurationName = Release;
		};
		17178C9829A2B17C007CDDF5 /* Build configuration list for PBXNativeTarget "popupGame" */ = {
			isa = XCConfigurationList;
			buildConfigurations = (
				17178C9929A2B17C007CDDF5 /* Debug */,
				17178C9A29A2B17C007CDDF5 /* Release */,
			);
			defaultConfigurationIsVisible = 0;
			defaultConfigurationName = Release;
		};
/* End XCConfigurationList section */

/* Begin XCVersionGroup section */
		17178C9229A2B17B007CDDF5 /* popupGame.xcdatamodeld */ = {
			isa = XCVersionGroup;
			children = (
				17178C9329A2B17C007CDDF5 /* popupGame.xcdatamodel */,
			);
			currentVersion = 17178C9329A2B17C007CDDF5 /* popupGame.xcdatamodel */;
			path = popupGame.xcdatamodeld;
			sourceTree = "<group>";
			versionGroupType = wrapper.xcdatamodel;
		};
/* End XCVersionGroup section */
	};
	rootObject = 17178C7C29A2B174007CDDF5 /* Project object */;
}
